
Microsoft Visual Studio Solution File, Format Version 12.00
# Visual Studio Version 17
VisualStudioVersion = 17.3.32929.385
MinimumVisualStudioVersion = 10.0.40219.1
Project("{FAE04EC0-301F-11D3-BF4B-00C04F79EFBC}") = "test2", "test2\test2.csproj", "{D26B9372-EC9C-4452-85ED-577FC5B6D9B5}"
EndProject
Global
	GlobalSection(SolutionConfigurationPlatforms) = preSolution
		Debug|Any CPU = Debug|Any CPU
		Release|Any CPU = Release|Any CPU
	EndGlobalSection
	GlobalSection(ProjectConfigurationPlatforms) = postSolution
		{D26B9372-EC9C-4452-85ED-577FC5B6D9B5}.Debug|Any CPU.ActiveCfg = Debug|Any CPU
		{D26B9372-EC9C-4452-85ED-577FC5B6D9B5}.Debug|Any CPU.Build.0 = Debug|Any CPU
		{D26B9372-EC9C-4452-85ED-577FC5B6D9B5}.Release|Any CPU.ActiveCfg = Release|Any CPU
		{D26B9372-EC9C-4452-85ED-577FC5B6D9B5}.Release|Any CPU.Build.0 = Release|Any CPU
	EndGlobalSection
	GlobalSection(SolutionProperties) = preSolution
		HideSolutionNode = FALSE
	EndGlobalSection
	GlobalSection(ExtensibilityGlobals) = postSolution
		SolutionGuid = {89D6ACC7-CD11-4F2D-A0E7-58EAD9C41FA0}
	EndGlobalSection
EndGlobal
